
Microsoft Visual Studio Solution File, Format Version 12.00
# Visual Studio Version 17
VisualStudioVersion = 17.11.35327.3
MinimumVisualStudioVersion = 10.0.40219.1
Project("{9A19103F-16F7-4668-BE54-9A1E7A4F7556}") = "CarRental.API", "CarRental.API\CarRental.API.csproj", "{7EF6055A-9209-41C9-843B-27C921484506}"
EndProject
Project("{FAE04EC0-301F-11D3-BF4B-00C04F79EFBC}") = "CarRental.API.Test", "CarRental.API.Test\CarRental.API.Test.csproj", "{8421F90A-A66D-49D3-A68B-FD8ECB1CF27F}"
EndProject
Global
	GlobalSection(SolutionConfigurationPlatforms) = preSolution
		Debug|Any CPU = Debug|Any CPU
		Release|Any CPU = Release|Any CPU
	EndGlobalSection
	GlobalSection(ProjectConfigurationPlatforms) = postSolution
		{7EF6055A-9209-41C9-843B-27C921484506}.Debug|Any CPU.ActiveCfg = Debug|Any CPU
		{7EF6055A-9209-41C9-843B-27C921484506}.Debug|Any CPU.Build.0 = Debug|Any CPU
		{7EF6055A-9209-41C9-843B-27C921484506}.Release|Any CPU.ActiveCfg = Release|Any CPU
		{7EF6055A-9209-41C9-843B-27C921484506}.Release|Any CPU.Build.0 = Release|Any CPU
		{8421F90A-A66D-49D3-A68B-FD8ECB1CF27F}.Debug|Any CPU.ActiveCfg = Debug|Any CPU
		{8421F90A-A66D-49D3-A68B-FD8ECB1CF27F}.Debug|Any CPU.Build.0 = Debug|Any CPU
		{8421F90A-A66D-49D3-A68B-FD8ECB1CF27F}.Release|Any CPU.ActiveCfg = Release|Any CPU
		{8421F90A-A66D-49D3-A68B-FD8ECB1CF27F}.Release|Any CPU.Build.0 = Release|Any CPU
	EndGlobalSection
	GlobalSection(SolutionProperties) = preSolution
		HideSolutionNode = FALSE
	EndGlobalSection
	GlobalSection(ExtensibilityGlobals) = postSolution
		SolutionGuid = {A6D6A363-FB09-4D5D-8597-88A573CB0714}
	EndGlobalSection
EndGlobal
